
Microsoft Visual Studio Solution File, Format Version 12.00
# Visual Studio 15
VisualStudioVersion = 15.0.26124.0
MinimumVisualStudioVersion = 15.0.26124.0
Project("{FAE04EC0-301F-11D3-BF4B-00C04F79EFBC}") = "LenteApp.LibraryBase", "LenteApp.LibraryBase\LenteApp.LibraryBase.csproj", "{50E3A243-9FC1-4F8D-B05E-F8F1D22B50CE}"
EndProject
Project("{FAE04EC0-301F-11D3-BF4B-00C04F79EFBC}") = "LenteApp.CUI.Nikita", "LenteApp.CUI.Nikita\LenteApp.CUI.Nikita.csproj", "{C2C8CA36-4839-4326-A08B-EF1453F5F250}"
EndProject
Project("{FAE04EC0-301F-11D3-BF4B-00C04F79EFBC}") = "LenteApp.Impl.Nikita", "LenteApp.Impl.Nikita\LenteApp.Impl.Nikita.csproj", "{DC74DD2F-C664-4820-B118-0C47762B7FF7}"
EndProject
Project("{FAE04EC0-301F-11D3-BF4B-00C04F79EFBC}") = "LenteApp.Impl.Artyom", "LenteApp.Impl.Artyom\LenteApp.Impl.Artyom.csproj", "{1CEDB414-012A-4384-AAE3-208BAAAED036}"
EndProject
Project("{FAE04EC0-301F-11D3-BF4B-00C04F79EFBC}") = "LenteApp.UI.Desktop", "LenteApp.UI.Desktop\LenteApp.UI.Desktop.csproj", "{78B0E3AB-9C64-4791-9F77-DDC081BEB202}"
EndProject
Project("{FAE04EC0-301F-11D3-BF4B-00C04F79EFBC}") = "LenteApp.CUI.Sergey", "LenteApp.CUI.Sergey\LenteApp.CUI.Sergey.csproj", "{30B7FEA8-7478-4CED-BB82-6EA92EF64DC8}"
EndProject
Project("{FAE04EC0-301F-11D3-BF4B-00C04F79EFBC}") = "LenteApp.Impl.Sergey", "LenteApp.Impl.Sergey\LenteApp.Impl.Sergey.csproj", "{5B2B8DEB-BE84-4357-8538-4F11022746BA}"
EndProject
Project("{FAE04EC0-301F-11D3-BF4B-00C04F79EFBC}") = "LenteApp.UI.Web", "LenteApp.UI.Web\LenteApp.UI.Web.csproj", "{CDD34188-30F4-48E4-B500-4E1C2446B52C}"
EndProject
Global
	GlobalSection(SolutionConfigurationPlatforms) = preSolution
		Debug|Any CPU = Debug|Any CPU
		Debug|x64 = Debug|x64
		Debug|x86 = Debug|x86
		Release|Any CPU = Release|Any CPU
		Release|x64 = Release|x64
		Release|x86 = Release|x86
	EndGlobalSection
	GlobalSection(SolutionProperties) = preSolution
		HideSolutionNode = FALSE
	EndGlobalSection
	GlobalSection(ProjectConfigurationPlatforms) = postSolution
		{50E3A243-9FC1-4F8D-B05E-F8F1D22B50CE}.Debug|Any CPU.ActiveCfg = Debug|Any CPU
		{50E3A243-9FC1-4F8D-B05E-F8F1D22B50CE}.Debug|Any CPU.Build.0 = Debug|Any CPU
		{50E3A243-9FC1-4F8D-B05E-F8F1D22B50CE}.Debug|x64.ActiveCfg = Debug|Any CPU
		{50E3A243-9FC1-4F8D-B05E-F8F1D22B50CE}.Debug|x64.Build.0 = Debug|Any CPU
		{50E3A243-9FC1-4F8D-B05E-F8F1D22B50CE}.Debug|x86.ActiveCfg = Debug|Any CPU
		{50E3A243-9FC1-4F8D-B05E-F8F1D22B50CE}.Debug|x86.Build.0 = Debug|Any CPU
		{50E3A243-9FC1-4F8D-B05E-F8F1D22B50CE}.Release|Any CPU.ActiveCfg = Release|Any CPU
		{50E3A243-9FC1-4F8D-B05E-F8F1D22B50CE}.Release|Any CPU.Build.0 = Release|Any CPU
		{50E3A243-9FC1-4F8D-B05E-F8F1D22B50CE}.Release|x64.ActiveCfg = Release|Any CPU
		{50E3A243-9FC1-4F8D-B05E-F8F1D22B50CE}.Release|x64.Build.0 = Release|Any CPU
		{50E3A243-9FC1-4F8D-B05E-F8F1D22B50CE}.Release|x86.ActiveCfg = Release|Any CPU
		{50E3A243-9FC1-4F8D-B05E-F8F1D22B50CE}.Release|x86.Build.0 = Release|Any CPU
		{C2C8CA36-4839-4326-A08B-EF1453F5F250}.Debug|Any CPU.ActiveCfg = Debug|Any CPU
		{C2C8CA36-4839-4326-A08B-EF1453F5F250}.Debug|Any CPU.Build.0 = Debug|Any CPU
		{C2C8CA36-4839-4326-A08B-EF1453F5F250}.Debug|x64.ActiveCfg = Debug|Any CPU
		{C2C8CA36-4839-4326-A08B-EF1453F5F250}.Debug|x64.Build.0 = Debug|Any CPU
		{C2C8CA36-4839-4326-A08B-EF1453F5F250}.Debug|x86.ActiveCfg = Debug|Any CPU
		{C2C8CA36-4839-4326-A08B-EF1453F5F250}.Debug|x86.Build.0 = Debug|Any CPU
		{C2C8CA36-4839-4326-A08B-EF1453F5F250}.Release|Any CPU.ActiveCfg = Release|Any CPU
		{C2C8CA36-4839-4326-A08B-EF1453F5F250}.Release|Any CPU.Build.0 = Release|Any CPU
		{C2C8CA36-4839-4326-A08B-EF1453F5F250}.Release|x64.ActiveCfg = Release|Any CPU
		{C2C8CA36-4839-4326-A08B-EF1453F5F250}.Release|x64.Build.0 = Release|Any CPU
		{C2C8CA36-4839-4326-A08B-EF1453F5F250}.Release|x86.ActiveCfg = Release|Any CPU
		{C2C8CA36-4839-4326-A08B-EF1453F5F250}.Release|x86.Build.0 = Release|Any CPU
		{DC74DD2F-C664-4820-B118-0C47762B7FF7}.Debug|Any CPU.ActiveCfg = Debug|Any CPU
		{DC74DD2F-C664-4820-B118-0C47762B7FF7}.Debug|Any CPU.Build.0 = Debug|Any CPU
		{DC74DD2F-C664-4820-B118-0C47762B7FF7}.Debug|x64.ActiveCfg = Debug|Any CPU
		{DC74DD2F-C664-4820-B118-0C47762B7FF7}.Debug|x64.Build.0 = Debug|Any CPU
		{DC74DD2F-C664-4820-B118-0C47762B7FF7}.Debug|x86.ActiveCfg = Debug|Any CPU
		{DC74DD2F-C664-4820-B118-0C47762B7FF7}.Debug|x86.Build.0 = Debug|Any CPU
		{DC74DD2F-C664-4820-B118-0C47762B7FF7}.Release|Any CPU.ActiveCfg = Release|Any CPU
		{DC74DD2F-C664-4820-B118-0C47762B7FF7}.Release|Any CPU.Build.0 = Release|Any CPU
		{DC74DD2F-C664-4820-B118-0C47762B7FF7}.Release|x64.ActiveCfg = Release|Any CPU
		{DC74DD2F-C664-4820-B118-0C47762B7FF7}.Release|x64.Build.0 = Release|Any CPU
		{DC74DD2F-C664-4820-B118-0C47762B7FF7}.Release|x86.ActiveCfg = Release|Any CPU
		{DC74DD2F-C664-4820-B118-0C47762B7FF7}.Release|x86.Build.0 = Release|Any CPU
		{1CEDB414-012A-4384-AAE3-208BAAAED036}.Debug|Any CPU.ActiveCfg = Debug|Any CPU
		{1CEDB414-012A-4384-AAE3-208BAAAED036}.Debug|Any CPU.Build.0 = Debug|Any CPU
		{1CEDB414-012A-4384-AAE3-208BAAAED036}.Debug|x64.ActiveCfg = Debug|Any CPU
		{1CEDB414-012A-4384-AAE3-208BAAAED036}.Debug|x64.Build.0 = Debug|Any CPU
		{1CEDB414-012A-4384-AAE3-208BAAAED036}.Debug|x86.ActiveCfg = Debug|Any CPU
		{1CEDB414-012A-4384-AAE3-208BAAAED036}.Debug|x86.Build.0 = Debug|Any CPU
		{1CEDB414-012A-4384-AAE3-208BAAAED036}.Release|Any CPU.ActiveCfg = Release|Any CPU
		{1CEDB414-012A-4384-AAE3-208BAAAED036}.Release|Any CPU.Build.0 = Release|Any CPU
		{1CEDB414-012A-4384-AAE3-208BAAAED036}.Release|x64.ActiveCfg = Release|Any CPU
		{1CEDB414-012A-4384-AAE3-208BAAAED036}.Release|x64.Build.0 = Release|Any CPU
		{1CEDB414-012A-4384-AAE3-208BAAAED036}.Release|x86.ActiveCfg = Release|Any CPU
		{1CEDB414-012A-4384-AAE3-208BAAAED036}.Release|x86.Build.0 = Release|Any CPU
		{78B0E3AB-9C64-4791-9F77-DDC081BEB202}.Debug|Any CPU.ActiveCfg = Debug|Any CPU
		{78B0E3AB-9C64-4791-9F77-DDC081BEB202}.Debug|Any CPU.Build.0 = Debug|Any CPU
		{78B0E3AB-9C64-4791-9F77-DDC081BEB202}.Debug|x64.ActiveCfg = Debug|Any CPU
		{78B0E3AB-9C64-4791-9F77-DDC081BEB202}.Debug|x64.Build.0 = Debug|Any CPU
		{78B0E3AB-9C64-4791-9F77-DDC081BEB202}.Debug|x86.ActiveCfg = Debug|Any CPU
		{78B0E3AB-9C64-4791-9F77-DDC081BEB202}.Debug|x86.Build.0 = Debug|Any CPU
		{78B0E3AB-9C64-4791-9F77-DDC081BEB202}.Release|Any CPU.ActiveCfg = Release|Any CPU
		{78B0E3AB-9C64-4791-9F77-DDC081BEB202}.Release|Any CPU.Build.0 = Release|Any CPU
		{78B0E3AB-9C64-4791-9F77-DDC081BEB202}.Release|x64.ActiveCfg = Release|Any CPU
		{78B0E3AB-9C64-4791-9F77-DDC081BEB202}.Release|x64.Build.0 = Release|Any CPU
		{78B0E3AB-9C64-4791-9F77-DDC081BEB202}.Release|x86.ActiveCfg = Release|Any CPU
		{78B0E3AB-9C64-4791-9F77-DDC081BEB202}.Release|x86.Build.0 = Release|Any CPU
		{30B7FEA8-7478-4CED-BB82-6EA92EF64DC8}.Debug|Any CPU.ActiveCfg = Debug|Any CPU
		{30B7FEA8-7478-4CED-BB82-6EA92EF64DC8}.Debug|Any CPU.Build.0 = Debug|Any CPU
		{30B7FEA8-7478-4CED-BB82-6EA92EF64DC8}.Debug|x64.ActiveCfg = Debug|Any CPU
		{30B7FEA8-7478-4CED-BB82-6EA92EF64DC8}.Debug|x64.Build.0 = Debug|Any CPU
		{30B7FEA8-7478-4CED-BB82-6EA92EF64DC8}.Debug|x86.ActiveCfg = Debug|Any CPU
		{30B7FEA8-7478-4CED-BB82-6EA92EF64DC8}.Debug|x86.Build.0 = Debug|Any CPU
		{30B7FEA8-7478-4CED-BB82-6EA92EF64DC8}.Release|Any CPU.ActiveCfg = Release|Any CPU
		{30B7FEA8-7478-4CED-BB82-6EA92EF64DC8}.Release|Any CPU.Build.0 = Release|Any CPU
		{30B7FEA8-7478-4CED-BB82-6EA92EF64DC8}.Release|x64.ActiveCfg = Release|Any CPU
		{30B7FEA8-7478-4CED-BB82-6EA92EF64DC8}.Release|x64.Build.0 = Release|Any CPU
		{30B7FEA8-7478-4CED-BB82-6EA92EF64DC8}.Release|x86.ActiveCfg = Release|Any CPU
		{30B7FEA8-7478-4CED-BB82-6EA92EF64DC8}.Release|x86.Build.0 = Release|Any CPU
		{5B2B8DEB-BE84-4357-8538-4F11022746BA}.Debug|Any CPU.ActiveCfg = Debug|Any CPU
		{5B2B8DEB-BE84-4357-8538-4F11022746BA}.Debug|Any CPU.Build.0 = Debug|Any CPU
		{5B2B8DEB-BE84-4357-8538-4F11022746BA}.Debug|x64.ActiveCfg = Debug|Any CPU
		{5B2B8DEB-BE84-4357-8538-4F11022746BA}.Debug|x64.Build.0 = Debug|Any CPU
		{5B2B8DEB-BE84-4357-8538-4F11022746BA}.Debug|x86.ActiveCfg = Debug|Any CPU
		{5B2B8DEB-BE84-4357-8538-4F11022746BA}.Debug|x86.Build.0 = Debug|Any CPU
		{5B2B8DEB-BE84-4357-8538-4F11022746BA}.Release|Any CPU.ActiveCfg = Release|Any CPU
		{5B2B8DEB-BE84-4357-8538-4F11022746BA}.Release|Any CPU.Build.0 = Release|Any CPU
		{5B2B8DEB-BE84-4357-8538-4F11022746BA}.Release|x64.ActiveCfg = Release|Any CPU
		{5B2B8DEB-BE84-4357-8538-4F11022746BA}.Release|x64.Build.0 = Release|Any CPU
		{5B2B8DEB-BE84-4357-8538-4F11022746BA}.Release|x86.ActiveCfg = Release|Any CPU
		{5B2B8DEB-BE84-4357-8538-4F11022746BA}.Release|x86.Build.0 = Release|Any CPU
		{CDD34188-30F4-48E4-B500-4E1C2446B52C}.Debug|Any CPU.ActiveCfg = Debug|Any CPU
		{CDD34188-30F4-48E4-B500-4E1C2446B52C}.Debug|Any CPU.Build.0 = Debug|Any CPU
		{CDD34188-30F4-48E4-B500-4E1C2446B52C}.Debug|x64.ActiveCfg = Debug|Any CPU
		{CDD34188-30F4-48E4-B500-4E1C2446B52C}.Debug|x64.Build.0 = Debug|Any CPU
		{CDD34188-30F4-48E4-B500-4E1C2446B52C}.Debug|x86.ActiveCfg = Debug|Any CPU
		{CDD34188-30F4-48E4-B500-4E1C2446B52C}.Debug|x86.Build.0 = Debug|Any CPU
		{CDD34188-30F4-48E4-B500-4E1C2446B52C}.Release|Any CPU.ActiveCfg = Release|Any CPU
		{CDD34188-30F4-48E4-B500-4E1C2446B52C}.Release|Any CPU.Build.0 = Release|Any CPU
		{CDD34188-30F4-48E4-B500-4E1C2446B52C}.Release|x64.ActiveCfg = Release|Any CPU
		{CDD34188-30F4-48E4-B500-4E1C2446B52C}.Release|x64.Build.0 = Release|Any CPU
		{CDD34188-30F4-48E4-B500-4E1C2446B52C}.Release|x86.ActiveCfg = Release|Any CPU
		{CDD34188-30F4-48E4-B500-4E1C2446B52C}.Release|x86.Build.0 = Release|Any CPU
	EndGlobalSection
EndGlobal
